dependencies:
- name: k8up
  repository: https://k8up-io.github.io/k8up
  version: 4.4.3
- name: postgresql
  repository: https://charts.bitnami.com/bitnami
  version: 12.5.5
- name: postgresql
  repository: https://charts.bitnami.com/bitnami
  version: 12.5.5
- name: postgresql
  repository: https://charts.bitnami.com/bitnami
  version: 12.5.5
- name: minio
  repository: https://charts.bitnami.com/bitnami
  version: 12.9.0
- name: valkey
  repository: https://valkey.io/valkey-helm/
  version: 0.8.1
- name: valkey
  repository: https://valkey.io/valkey-helm/
  version: 0.8.1
digest: sha256:eb615aa316293493c51764b3bc76e015255abba708e8123f0c2abab8dcbce84c
generated: "2026-01-10T16:59:25.474532096Z"
